PODS:
  - Alamofire (4.9.1)
  - CardSlider (0.1.0)
  - FeedKit (8.1.1)
  - Realm (4.4.0):
    - Realm/Headers (= 4.4.0)
  - Realm/Headers (4.4.0)
  - RealmSwift (4.4.0):
    - Realm (= 4.4.0)
  - SDWebImage (5.6.1):
    - SDWebImage/Core (= 5.6.1)
  - SDWebImage/Core (5.6.1)

DEPENDENCIES:
  - Alamofire
  - CardSlider
  - FeedKit
  - RealmSwift
  - SDWebImage

SPEC REPOS:
  trunk:
    - Alamofire
    - CardSlider
    - FeedKit
    - Realm
    - RealmSwift
    - SDWebImage

SPEC CHECKSUMS:
  Alamofire: 85e8a02c69d6020a0d734f6054870d7ecb75cf18
  CardSlider: 0a8f5f17f5a76701771794b07fdaeddc512358c8
  FeedKit: 3418eed25f0b493b205b4de1b8511ac21d413fa9
  Realm: e125f464884cda953ebefe70c671b75b03b81b9b
  RealmSwift: 33656a42bd300959a081fc13347376bc478071af
  SDWebImage: 7edb9c3ea661e77a66661f7f044de8c1b55d1120

PODFILE CHECKSUM: 094a87fa05696abe4a24c4ac0f46d5cb2b997af4

COCOAPODS: 1.9.1
