// !$*UTF8*$!
{
	archiveVersion = 1;
	classes = {
	};
	objectVersion = 50;
	objects = {

/* Begin PBXBuildFile section */
		8E39BF29248D0C0900ABA1F8 /* TranslatedWord.swift in Sources */ = {isa = PBXBuildFile; fileRef = 8E39BF28248D0C0900ABA1F8 /* TranslatedWord.swift */; };
		8E5CA304248A35070041F9E7 /* CardViewModel.swift in Sources */ = {isa = PBXBuildFile; fileRef = 8E5CA303248A35070041F9E7 /* CardViewModel.swift */; };
		8E5CA306248A37F70041F9E7 /* QuizWordCard.swift in Sources */ = {isa = PBXBuildFile; fileRef = 8E5CA305248A37F70041F9E7 /* QuizWordCard.swift */; };
		8E5CA308248A480C0041F9E7 /* Advertiser.swift in Sources */ = {isa = PBXBuildFile; fileRef = 8E5CA307248A480C0041F9E7 /* Advertiser.swift */; };
		8E5CA30A248A892E0041F9E7 /* TopicCell.swift in Sources */ = {isa = PBXBuildFile; fileRef = 8E5CA309248A892E0041F9E7 /* TopicCell.swift */; };
		8E5CA30C248B91740041F9E7 /* Topic.swift in Sources */ = {isa = PBXBuildFile; fileRef = 8E5CA30B248B91740041F9E7 /* Topic.swift */; };
		8E5CA30E248BA0FA0041F9E7 /* CellForWordForSelectedTopic.swift in Sources */ = {isa = PBXBuildFile; fileRef = 8E5CA30D248BA0FA0041F9E7 /* CellForWordForSelectedTopic.swift */; };
		8E5CA310248CD7540041F9E7 /* DetailedWordCell.swift in Sources */ = {isa = PBXBuildFile; fileRef = 8E5CA30F248CD7540041F9E7 /* DetailedWordCell.swift */; };
		8E792C9924753AD400EED648 /* WordDetailsController.swift in Sources */ = {isa = PBXBuildFile; fileRef = 8E792C9824753AD400EED648 /* WordDetailsController.swift */; };
		8E7D79902474869D002F07D1 /* SearchedWordCell.swift in Sources */ = {isa = PBXBuildFile; fileRef = 8E7D798F2474869D002F07D1 /* SearchedWordCell.swift */; };
		8EADA7B7247BDD1000381ABC /* CardsView.swift in Sources */ = {isa = PBXBuildFile; fileRef = 8EADA7B6247BDD1000381ABC /* CardsView.swift */; };
		8EADA7B9247BDD5300381ABC /* ConstainsExtention.swift in Sources */ = {isa = PBXBuildFile; fileRef = 8EADA7B8247BDD5300381ABC /* ConstainsExtention.swift */; };
		8EADA7BD247BDDB200381ABC /* HomeButtonControllsStackView.swift in Sources */ = {isa = PBXBuildFile; fileRef = 8EADA7BA247BDDB100381ABC /* HomeButtonControllsStackView.swift */; };
		8EADA7BE247BDDB200381ABC /* QuizController.swift in Sources */ = {isa = PBXBuildFile; fileRef = 8EADA7BB247BDDB100381ABC /* QuizController.swift */; };
		8EADA7BF247BDDB200381ABC /* TopNavigationStackView.swift in Sources */ = {isa = PBXBuildFile; fileRef = 8EADA7BC247BDDB200381ABC /* TopNavigationStackView.swift */; };
		8EAE267E247BC7D4001DE8AE /* SelectedTopicController.swift in Sources */ = {isa = PBXBuildFile; fileRef = 8EAE267D247BC7D4001DE8AE /* SelectedTopicController.swift */; };
		8EBCB32F24754C5A0013373A /* UIColorExtension.swift in Sources */ = {isa = PBXBuildFile; fileRef = 8EBCB32E24754C590013373A /* UIColorExtension.swift */; };
		8ECCF1B22476DBD1003AE16A /* TopicsWordController.swift in Sources */ = {isa = PBXBuildFile; fileRef = 8ECCF1B12476DBD1003AE16A /* TopicsWordController.swift */; };
		8ED9F9FD2471ED32005B3688 /* AppDelegate.swift in Sources */ = {isa = PBXBuildFile; fileRef = 8ED9F9FC2471ED32005B3688 /* AppDelegate.swift */; };
		8ED9F9FF2471ED32005B3688 /* SceneDelegate.swift in Sources */ = {isa = PBXBuildFile; fileRef = 8ED9F9FE2471ED32005B3688 /* SceneDelegate.swift */; };
		8ED9FA042471ED32005B3688 /* Main.storyboard in Resources */ = {isa = PBXBuildFile; fileRef = 8ED9FA022471ED32005B3688 /* Main.storyboard */; };
		8ED9FA062471ED35005B3688 /* Assets.xcassets in Resources */ = {isa = PBXBuildFile; fileRef = 8ED9FA052471ED35005B3688 /* Assets.xcassets */; };
		8ED9FA092471ED35005B3688 /* LaunchScreen.storyboard in Resources */ = {isa = PBXBuildFile; fileRef = 8ED9FA072471ED35005B3688 /* LaunchScreen.storyboard */; };
		8ED9FA122471F27F005B3688 /* MainTabBarController.swift in Sources */ = {isa = PBXBuildFile; fileRef = 8ED9FA112471F27F005B3688 /* MainTabBarController.swift */; };
		8ED9FA142471F967005B3688 /* CardsController.swift in Sources */ = {isa = PBXBuildFile; fileRef = 8ED9FA132471F967005B3688 /* CardsController.swift */; };
		8ED9FA162471FB92005B3688 /* DictController.swift in Sources */ = {isa = PBXBuildFile; fileRef = 8ED9FA152471FB92005B3688 /* DictController.swift */; };
		8ED9FA182471FC98005B3688 /* MediaController.swift in Sources */ = {isa = PBXBuildFile; fileRef = 8ED9FA172471FC98005B3688 /* MediaController.swift */; };
		8ED9FA1D24729D6A005B3688 /* ViewControllerExtension.swift in Sources */ = {isa = PBXBuildFile; fileRef = 8ED9FA1C24729D6A005B3688 /* ViewControllerExtension.swift */; };
		8ED9FA202472FA1D005B3688 /* NetworkService.swift in Sources */ = {isa = PBXBuildFile; fileRef = 8ED9FA1F2472FA1D005B3688 /* NetworkService.swift */; };
		8ED9FA2324731464005B3688 /* Word.swift in Sources */ = {isa = PBXBuildFile; fileRef = 8ED9FA2224731464005B3688 /* Word.swift */; };
		8EE82CBE247C0063005BC0C8 /* UIViewExtenstion.swift in Sources */ = {isa = PBXBuildFile; fileRef = 8EE82CBD247C0063005BC0C8 /* UIViewExtenstion.swift */; };
/* End PBXBuildFile section */

/* Begin PBXFileReference section */
		8E39BF28248D0C0900ABA1F8 /* TranslatedWord.swift */ = {isa = PBXFileReference; lastKnownFileType = sourcecode.swift; path = TranslatedWord.swift; sourceTree = "<group>"; };
		8E5CA303248A35070041F9E7 /* CardViewModel.swift */ = {isa = PBXFileReference; lastKnownFileType = sourcecode.swift; path = CardViewModel.swift; sourceTree = "<group>"; };
		8E5CA305248A37F70041F9E7 /* QuizWordCard.swift */ = {isa = PBXFileReference; lastKnownFileType = sourcecode.swift; path = QuizWordCard.swift; sourceTree = "<group>"; };
		8E5CA307248A480C0041F9E7 /* Advertiser.swift */ = {isa = PBXFileReference; lastKnownFileType = sourcecode.swift; path = Advertiser.swift; sourceTree = "<group>"; };
		8E5CA309248A892E0041F9E7 /* TopicCell.swift */ = {isa = PBXFileReference; lastKnownFileType = sourcecode.swift; path = TopicCell.swift; sourceTree = "<group>"; };
		8E5CA30B248B91740041F9E7 /* Topic.swift */ = {isa = PBXFileReference; lastKnownFileType = sourcecode.swift; path = Topic.swift; sourceTree = "<group>"; };
		8E5CA30D248BA0FA0041F9E7 /* CellForWordForSelectedTopic.swift */ = {isa = PBXFileReference; lastKnownFileType = sourcecode.swift; path = CellForWordForSelectedTopic.swift; sourceTree = "<group>"; };
		8E5CA30F248CD7540041F9E7 /* DetailedWordCell.swift */ = {isa = PBXFileReference; lastKnownFileType = sourcecode.swift; path = DetailedWordCell.swift; sourceTree = "<group>"; };
		8E792C9824753AD400EED648 /* WordDetailsController.swift */ = {isa = PBXFileReference; lastKnownFileType = sourcecode.swift; path = WordDetailsController.swift; sourceTree = "<group>"; };
		8E7D798F2474869D002F07D1 /* SearchedWordCell.swift */ = {isa = PBXFileReference; lastKnownFileType = sourcecode.swift; path = SearchedWordCell.swift; sourceTree = "<group>"; };
		8EADA7B6247BDD1000381ABC /* CardsView.swift */ = {isa = PBXFileReference; lastKnownFileType = sourcecode.swift; path = CardsView.swift; sourceTree = "<group>"; };
		8EADA7B8247BDD5300381ABC /* ConstainsExtention.swift */ = {isa = PBXFileReference; lastKnownFileType = sourcecode.swift; path = ConstainsExtention.swift; sourceTree = "<group>"; };
		8EADA7BA247BDDB100381ABC /* HomeButtonControllsStackView.swift */ = {isa = PBXFileReference; fileEncoding = 4; lastKnownFileType = sourcecode.swift; path = HomeButtonControllsStackView.swift; sourceTree = "<group>"; };
		8EADA7BB247BDDB100381ABC /* QuizController.swift */ = {isa = PBXFileReference; fileEncoding = 4; lastKnownFileType = sourcecode.swift; path = QuizController.swift; sourceTree = "<group>"; };
		8EADA7BC247BDDB200381ABC /* TopNavigationStackView.swift */ = {isa = PBXFileReference; fileEncoding = 4; lastKnownFileType = sourcecode.swift; path = TopNavigationStackView.swift; sourceTree = "<group>"; };
		8EAE267D247BC7D4001DE8AE /* SelectedTopicController.swift */ = {isa = PBXFileReference; lastKnownFileType = sourcecode.swift; path = SelectedTopicController.swift; sourceTree = "<group>"; };
		8EBCB32E24754C590013373A /* UIColorExtension.swift */ = {isa = PBXFileReference; lastKnownFileType = sourcecode.swift; path = UIColorExtension.swift; sourceTree = "<group>"; };
		8ECCF1B12476DBD1003AE16A /* TopicsWordController.swift */ = {isa = PBXFileReference; lastKnownFileType = sourcecode.swift; path = TopicsWordController.swift; sourceTree = "<group>"; };
		8ED9F9F92471ED32005B3688 /* EnglishApp.app */ = {isa = PBXFileReference; explicitFileType = wrapper.application; includeInIndex = 0; path = EnglishApp.app; sourceTree = BUILT_PRODUCTS_DIR; };
		8ED9F9FC2471ED32005B3688 /* AppDelegate.swift */ = {isa = PBXFileReference; lastKnownFileType = sourcecode.swift; path = AppDelegate.swift; sourceTree = "<group>"; };
		8ED9F9FE2471ED32005B3688 /* SceneDelegate.swift */ = {isa = PBXFileReference; lastKnownFileType = sourcecode.swift; path = SceneDelegate.swift; sourceTree = "<group>"; };
		8ED9FA032471ED32005B3688 /* Base */ = {isa = PBXFileReference; lastKnownFileType = file.storyboard; name = Base; path = Base.lproj/Main.storyboard; sourceTree = "<group>"; };
		8ED9FA052471ED35005B3688 /* Assets.xcassets */ = {isa = PBXFileReference; lastKnownFileType = folder.assetcatalog; path = Assets.xcassets; sourceTree = "<group>"; };
		8ED9FA082471ED35005B3688 /* Base */ = {isa = PBXFileReference; lastKnownFileType = file.storyboard; name = Base; path = Base.lproj/LaunchScreen.storyboard; sourceTree = "<group>"; };
		8ED9FA0A2471ED35005B3688 /* Info.plist */ = {isa = PBXFileReference; lastKnownFileType = text.plist.xml; path = Info.plist; sourceTree = "<group>"; };
		8ED9FA112471F27F005B3688 /* MainTabBarController.swift */ = {isa = PBXFileReference; lastKnownFileType = sourcecode.swift; path = MainTabBarController.swift; sourceTree = "<group>"; };
		8ED9FA132471F967005B3688 /* CardsController.swift */ = {isa = PBXFileReference; lastKnownFileType = sourcecode.swift; path = CardsController.swift; sourceTree = "<group>"; };
		8ED9FA152471FB92005B3688 /* DictController.swift */ = {isa = PBXFileReference; lastKnownFileType = sourcecode.swift; path = DictController.swift; sourceTree = "<group>"; };
		8ED9FA172471FC98005B3688 /* MediaController.swift */ = {isa = PBXFileReference; lastKnownFileType = sourcecode.swift; path = MediaController.swift; sourceTree = "<group>"; };
		8ED9FA1C24729D6A005B3688 /* ViewControllerExtension.swift */ = {isa = PBXFileReference; lastKnownFileType = sourcecode.swift; path = ViewControllerExtension.swift; sourceTree = "<group>"; };
		8ED9FA1F2472FA1D005B3688 /* NetworkService.swift */ = {isa = PBXFileReference; lastKnownFileType = sourcecode.swift; path = NetworkService.swift; sourceTree = "<group>"; };
		8ED9FA2224731464005B3688 /* Word.swift */ = {isa = PBXFileReference; lastKnownFileType = sourcecode.swift; path = Word.swift; sourceTree = "<group>"; };
		8EE82CBD247C0063005BC0C8 /* UIViewExtenstion.swift */ = {isa = PBXFileReference; lastKnownFileType = sourcecode.swift; path = UIViewExtenstion.swift; sourceTree = "<group>"; };
/* End PBXFileReference section */

/* Begin PBXFrameworksBuildPhase section */
		8ED9F9F62471ED32005B3688 /* Frameworks */ = {
			isa = PBXFrameworksBuildPhase;
			buildActionMask = 2147483647;
			files = (
			);
			runOnlyForDeploymentPostprocessing = 0;
		};
/* End PBXFrameworksBuildPhase section */

/* Begin PBXGroup section */
		8E5CA302248A34E80041F9E7 /* ViewModels */ = {
			isa = PBXGroup;
			children = (
				8E5CA303248A35070041F9E7 /* CardViewModel.swift */,
			);
			path = ViewModels;
			sourceTree = "<group>";
		};
		8E792C9724753AA900EED648 /* DictControllers */ = {
			isa = PBXGroup;
			children = (
				8ED9FA152471FB92005B3688 /* DictController.swift */,
				8E792C9824753AD400EED648 /* WordDetailsController.swift */,
				8ECCF1B12476DBD1003AE16A /* TopicsWordController.swift */,
				8EAE267D247BC7D4001DE8AE /* SelectedTopicController.swift */,
			);
			path = DictControllers;
			sourceTree = "<group>";
		};
		8E7D799124748F5C002F07D1 /* Cells */ = {
			isa = PBXGroup;
			children = (
				8E7D798F2474869D002F07D1 /* SearchedWordCell.swift */,
				8E5CA309248A892E0041F9E7 /* TopicCell.swift */,
				8E5CA30D248BA0FA0041F9E7 /* CellForWordForSelectedTopic.swift */,
				8E5CA30F248CD7540041F9E7 /* DetailedWordCell.swift */,
			);
			path = Cells;
			sourceTree = "<group>";
		};
		8EADA7B5247BDCE300381ABC /* QuizController */ = {
			isa = PBXGroup;
			children = (
				8EADA7BB247BDDB100381ABC /* QuizController.swift */,
				8EADA7B6247BDD1000381ABC /* CardsView.swift */,
				8EADA7BA247BDDB100381ABC /* HomeButtonControllsStackView.swift */,
				8EADA7BC247BDDB200381ABC /* TopNavigationStackView.swift */,
			);
			path = QuizController;
			sourceTree = "<group>";
		};
		8ED9F9F02471ED32005B3688 = {
			isa = PBXGroup;
			children = (
				8ED9F9FB2471ED32005B3688 /* EnglishApp */,
				8ED9F9FA2471ED32005B3688 /* Products */,
			);
			sourceTree = "<group>";
		};
		8ED9F9FA2471ED32005B3688 /* Products */ = {
			isa = PBXGroup;
			children = (
				8ED9F9F92471ED32005B3688 /* EnglishApp.app */,
			);
			name = Products;
			sourceTree = "<group>";
		};
		8ED9F9FB2471ED32005B3688 /* EnglishApp */ = {
			isa = PBXGroup;
			children = (
				8E5CA302248A34E80041F9E7 /* ViewModels */,
				8EADA7B5247BDCE300381ABC /* QuizController */,
				8E792C9724753AA900EED648 /* DictControllers */,
				8E7D799124748F5C002F07D1 /* Cells */,
				8ED9FA2124731453005B3688 /* Models */,
				8ED9FA1E2472F9CA005B3688 /* APIService */,
				8ED9FA1924729D1E005B3688 /* Extensions */,
				8ED9FA102471F24A005B3688 /* Controllers */,
				8ED9F9FC2471ED32005B3688 /* AppDelegate.swift */,
				8ED9F9FE2471ED32005B3688 /* SceneDelegate.swift */,
				8ED9FA022471ED32005B3688 /* Main.storyboard */,
				8ED9FA052471ED35005B3688 /* Assets.xcassets */,
				8ED9FA072471ED35005B3688 /* LaunchScreen.storyboard */,
				8ED9FA0A2471ED35005B3688 /* Info.plist */,
			);
			path = EnglishApp;
			sourceTree = "<group>";
		};
		8ED9FA102471F24A005B3688 /* Controllers */ = {
			isa = PBXGroup;
			children = (
				8ED9FA112471F27F005B3688 /* MainTabBarController.swift */,
				8ED9FA132471F967005B3688 /* CardsController.swift */,
				8ED9FA172471FC98005B3688 /* MediaController.swift */,
			);
			path = Controllers;
			sourceTree = "<group>";
		};
		8ED9FA1924729D1E005B3688 /* Extensions */ = {
			isa = PBXGroup;
			children = (
				8ED9FA1C24729D6A005B3688 /* ViewControllerExtension.swift */,
				8EBCB32E24754C590013373A /* UIColorExtension.swift */,
				8EADA7B8247BDD5300381ABC /* ConstainsExtention.swift */,
				8EE82CBD247C0063005BC0C8 /* UIViewExtenstion.swift */,
			);
			path = Extensions;
			sourceTree = "<group>";
		};
		8ED9FA1E2472F9CA005B3688 /* APIService */ = {
			isa = PBXGroup;
			children = (
				8ED9FA1F2472FA1D005B3688 /* NetworkService.swift */,
			);
			path = APIService;
			sourceTree = "<group>";
		};
		8ED9FA2124731453005B3688 /* Models */ = {
			isa = PBXGroup;
			children = (
				8ED9FA2224731464005B3688 /* Word.swift */,
				8E5CA305248A37F70041F9E7 /* QuizWordCard.swift */,
				8E5CA307248A480C0041F9E7 /* Advertiser.swift */,
				8E5CA30B248B91740041F9E7 /* Topic.swift */,
				8E39BF28248D0C0900ABA1F8 /* TranslatedWord.swift */,
			);
			path = Models;
			sourceTree = "<group>";
		};
/* End PBXGroup section */

/* Begin PBXNativeTarget section */
		8ED9F9F82471ED32005B3688 /* EnglishApp */ = {
			isa = PBXNativeTarget;
			buildConfigurationList = 8ED9FA0D2471ED35005B3688 /* Build configuration list for PBXNativeTarget "EnglishApp" */;
			buildPhases = (
				8ED9F9F52471ED32005B3688 /* Sources */,
				8ED9F9F62471ED32005B3688 /* Frameworks */,
				8ED9F9F72471ED32005B3688 /* Resources */,
			);
			buildRules = (
			);
			dependencies = (
			);
			name = EnglishApp;
			productName = EnglishApp;
			productReference = 8ED9F9F92471ED32005B3688 /* EnglishApp.app */;
			productType = "com.apple.product-type.application";
		};
/* End PBXNativeTarget section */

/* Begin PBXProject section */
		8ED9F9F12471ED32005B3688 /* Project object */ = {
			isa = PBXProject;
			attributes = {
				LastSwiftUpdateCheck = 1140;
				LastUpgradeCheck = 1140;
				ORGANIZATIONNAME = "Dmitrii Timofeev";
				TargetAttributes = {
					8ED9F9F82471ED32005B3688 = {
						CreatedOnToolsVersion = 11.4;
					};
				};
			};
			buildConfigurationList = 8ED9F9F42471ED32005B3688 /* Build configuration list for PBXProject "EnglishApp" */;
			compatibilityVersion = "Xcode 9.3";
			developmentRegion = en;
			hasScannedForEncodings = 0;
			knownRegions = (
				en,
				Base,
			);
			mainGroup = 8ED9F9F02471ED32005B3688;
			productRefGroup = 8ED9F9FA2471ED32005B3688 /* Products */;
			projectDirPath = "";
			projectRoot = "";
			targets = (
				8ED9F9F82471ED32005B3688 /* EnglishApp */,
			);
		};
/* End PBXProject section */

/* Begin PBXResourcesBuildPhase section */
		8ED9F9F72471ED32005B3688 /* Resources */ = {
			isa = PBXResourcesBuildPhase;
			buildActionMask = 2147483647;
			files = (
				8ED9FA092471ED35005B3688 /* LaunchScreen.storyboard in Resources */,
				8ED9FA062471ED35005B3688 /* Assets.xcassets in Resources */,
				8ED9FA042471ED32005B3688 /* Main.storyboard in Resources */,
			);
			runOnlyForDeploymentPostprocessing = 0;
		};
/* End PBXResourcesBuildPhase section */

/* Begin PBXSourcesBuildPhase section */
		8ED9F9F52471ED32005B3688 /* Sources */ = {
			isa = PBXSourcesBuildPhase;
			buildActionMask = 2147483647;
			files = (
				8ED9F9FD2471ED32005B3688 /* AppDelegate.swift in Sources */,
				8E5CA30A248A892E0041F9E7 /* TopicCell.swift in Sources */,
				8EADA7B7247BDD1000381ABC /* CardsView.swift in Sources */,
				8EADA7BE247BDDB200381ABC /* QuizController.swift in Sources */,
				8EE82CBE247C0063005BC0C8 /* UIViewExtenstion.swift in Sources */,
				8EAE267E247BC7D4001DE8AE /* SelectedTopicController.swift in Sources */,
				8E5CA30C248B91740041F9E7 /* Topic.swift in Sources */,
				8ED9FA122471F27F005B3688 /* MainTabBarController.swift in Sources */,
				8ED9F9FF2471ED32005B3688 /* SceneDelegate.swift in Sources */,
				8E39BF29248D0C0900ABA1F8 /* TranslatedWord.swift in Sources */,
				8E5CA308248A480C0041F9E7 /* Advertiser.swift in Sources */,
				8E792C9924753AD400EED648 /* WordDetailsController.swift in Sources */,
				8E5CA306248A37F70041F9E7 /* QuizWordCard.swift in Sources */,
				8EADA7B9247BDD5300381ABC /* ConstainsExtention.swift in Sources */,
				8ED9FA202472FA1D005B3688 /* NetworkService.swift in Sources */,
				8E5CA30E248BA0FA0041F9E7 /* CellForWordForSelectedTopic.swift in Sources */,
				8EBCB32F24754C5A0013373A /* UIColorExtension.swift in Sources */,
				8ED9FA1D24729D6A005B3688 /* ViewControllerExtension.swift in Sources */,
				8ED9FA142471F967005B3688 /* CardsController.swift in Sources */,
				8ED9FA2324731464005B3688 /* Word.swift in Sources */,
				8E7D79902474869D002F07D1 /* SearchedWordCell.swift in Sources */,
				8ECCF1B22476DBD1003AE16A /* TopicsWordController.swift in Sources */,
				8EADA7BF247BDDB200381ABC /* TopNavigationStackView.swift in Sources */,
				8EADA7BD247BDDB200381ABC /* HomeButtonControllsStackView.swift in Sources */,
				8ED9FA182471FC98005B3688 /* MediaController.swift in Sources */,
				8ED9FA162471FB92005B3688 /* DictController.swift in Sources */,
				8E5CA310248CD7540041F9E7 /* DetailedWordCell.swift in Sources */,
				8E5CA304248A35070041F9E7 /* CardViewModel.swift in Sources */,
			);
			runOnlyForDeploymentPostprocessing = 0;
		};
/* End PBXSourcesBuildPhase section */

/* Begin PBXVariantGroup section */
		8ED9FA022471ED32005B3688 /* Main.storyboard */ = {
			isa = PBXVariantGroup;
			children = (
				8ED9FA032471ED32005B3688 /* Base */,
			);
			name = Main.storyboard;
			sourceTree = "<group>";
		};
		8ED9FA072471ED35005B3688 /* LaunchScreen.storyboard */ = {
			isa = PBXVariantGroup;
			children = (
				8ED9FA082471ED35005B3688 /* Base */,
			);
			name = LaunchScreen.storyboard;
			sourceTree = "<group>";
		};
/* End PBXVariantGroup section */

/* Begin XCBuildConfiguration section */
		8ED9FA0B2471ED35005B3688 /* Debug */ = {
			isa = XCBuildConfiguration;
			buildSettings = {
				ALWAYS_SEARCH_USER_PATHS = NO;
				CLANG_ANALYZER_NONNULL = YES;
				CLANG_ANALYZER_NUMBER_OBJECT_CONVERSION = YES_AGGRESSIVE;
				CLANG_CXX_LANGUAGE_STANDARD = "gnu++14";
				CLANG_CXX_LIBRARY = "libc++";
				CLANG_ENABLE_MODULES = YES;
				CLANG_ENABLE_OBJC_ARC = YES;
				CLANG_ENABLE_OBJC_WEAK = YES;
				CLANG_WARN_BLOCK_CAPTURE_AUTORELEASING = YES;
				CLANG_WARN_BOOL_CONVERSION = YES;
				CLANG_WARN_COMMA = YES;
				CLANG_WARN_CONSTANT_CONVERSION = YES;
				CLANG_WARN_DEPRECATED_OBJC_IMPLEMENTATIONS = YES;
				CLANG_WARN_DIRECT_OBJC_ISA_USAGE = YES_ERROR;
				CLANG_WARN_DOCUMENTATION_COMMENTS = YES;
				CLANG_WARN_EMPTY_BODY = YES;
				CLANG_WARN_ENUM_CONVERSION = YES;
				CLANG_WARN_INFINITE_RECURSION = YES;
				CLANG_WARN_INT_CONVERSION = YES;
				CLANG_WARN_NON_LITERAL_NULL_CONVERSION = YES;
				CLANG_WARN_OBJC_IMPLICIT_RETAIN_SELF = YES;
				CLANG_WARN_OBJC_LITERAL_CONVERSION = YES;
				CLANG_WARN_OBJC_ROOT_CLASS = YES_ERROR;
				CLANG_WARN_RANGE_LOOP_ANALYSIS = YES;
				CLANG_WARN_STRICT_PROTOTYPES = YES;
				CLANG_WARN_SUSPICIOUS_MOVE = YES;
				CLANG_WARN_UNGUARDED_AVAILABILITY = YES_AGGRESSIVE;
				CLANG_WARN_UNREACHABLE_CODE = YES;
				CLANG_WARN__DUPLICATE_METHOD_MATCH = YES;
				COPY_PHASE_STRIP = NO;
				DEBUG_INFORMATION_FORMAT = dwarf;
				ENABLE_STRICT_OBJC_MSGSEND = YES;
				ENABLE_TESTABILITY = YES;
				GCC_C_LANGUAGE_STANDARD = gnu11;
				GCC_DYNAMIC_NO_PIC = NO;
				GCC_NO_COMMON_BLOCKS = YES;
				GCC_OPTIMIZATION_LEVEL = 0;
				GCC_PREPROCESSOR_DEFINITIONS = (
					"DEBUG=1",
					"$(inherited)",
				);
				GCC_WARN_64_TO_32_BIT_CONVERSION = YES;
				GCC_WARN_ABOUT_RETURN_TYPE = YES_ERROR;
				GCC_WARN_UNDECLARED_SELECTOR = YES;
				GCC_WARN_UNINITIALIZED_AUTOS = YES_AGGRESSIVE;
				GCC_WARN_UNUSED_FUNCTION = YES;
				GCC_WARN_UNUSED_VARIABLE = YES;
				IPHONEOS_DEPLOYMENT_TARGET = 13.4;
				MTL_ENABLE_DEBUG_INFO = INCLUDE_SOURCE;
				MTL_FAST_MATH = YES;
				ONLY_ACTIVE_ARCH = YES;
				SDKROOT = iphoneos;
				SWIFT_ACTIVE_COMPILATION_CONDITIONS = DEBUG;
				SWIFT_OPTIMIZATION_LEVEL = "-Onone";
			};
			name = Debug;
		};
		8ED9FA0C2471ED35005B3688 /* Release */ = {
			isa = XCBuildConfiguration;
			buildSettings = {
				ALWAYS_SEARCH_USER_PATHS = NO;
				CLANG_ANALYZER_NONNULL = YES;
				CLANG_ANALYZER_NUMBER_OBJECT_CONVERSION = YES_AGGRESSIVE;
				CLANG_CXX_LANGUAGE_STANDARD = "gnu++14";
				CLANG_CXX_LIBRARY = "libc++";
				CLANG_ENABLE_MODULES = YES;
				CLANG_ENABLE_OBJC_ARC = YES;
				CLANG_ENABLE_OBJC_WEAK = YES;
				CLANG_WARN_BLOCK_CAPTURE_AUTORELEASING = YES;
				CLANG_WARN_BOOL_CONVERSION = YES;
				CLANG_WARN_COMMA = YES;
				CLANG_WARN_CONSTANT_CONVERSION = YES;
				CLANG_WARN_DEPRECATED_OBJC_IMPLEMENTATIONS = YES;
				CLANG_WARN_DIRECT_OBJC_ISA_USAGE = YES_ERROR;
				CLANG_WARN_DOCUMENTATION_COMMENTS = YES;
				CLANG_WARN_EMPTY_BODY = YES;
				CLANG_WARN_ENUM_CONVERSION = YES;
				CLANG_WARN_INFINITE_RECURSION = YES;
				CLANG_WARN_INT_CONVERSION = YES;
				CLANG_WARN_NON_LITERAL_NULL_CONVERSION = YES;
				CLANG_WARN_OBJC_IMPLICIT_RETAIN_SELF = YES;
				CLANG_WARN_OBJC_LITERAL_CONVERSION = YES;
				CLANG_WARN_OBJC_ROOT_CLASS = YES_ERROR;
				CLANG_WARN_RANGE_LOOP_ANALYSIS = YES;
				CLANG_WARN_STRICT_PROTOTYPES = YES;
				CLANG_WARN_SUSPICIOUS_MOVE = YES;
				CLANG_WARN_UNGUARDED_AVAILABILITY = YES_AGGRESSIVE;
				CLANG_WARN_UNREACHABLE_CODE = YES;
				CLANG_WARN__DUPLICATE_METHOD_MATCH = YES;
				COPY_PHASE_STRIP = NO;
				DEBUG_INFORMATION_FORMAT = "dwarf-with-dsym";
				ENABLE_NS_ASSERTIONS = NO;
				ENABLE_STRICT_OBJC_MSGSEND = YES;
				GCC_C_LANGUAGE_STANDARD = gnu11;
				GCC_NO_COMMON_BLOCKS = YES;
				GCC_WARN_64_TO_32_BIT_CONVERSION = YES;
				GCC_WARN_ABOUT_RETURN_TYPE = YES_ERROR;
				GCC_WARN_UNDECLARED_SELECTOR = YES;
				GCC_WARN_UNINITIALIZED_AUTOS = YES_AGGRESSIVE;
				GCC_WARN_UNUSED_FUNCTION = YES;
				GCC_WARN_UNUSED_VARIABLE = YES;
				IPHONEOS_DEPLOYMENT_TARGET = 13.4;
				MTL_ENABLE_DEBUG_INFO = NO;
				MTL_FAST_MATH = YES;
				SDKROOT = iphoneos;
				SWIFT_COMPILATION_MODE = wholemodule;
				SWIFT_OPTIMIZATION_LEVEL = "-O";
				VALIDATE_PRODUCT = YES;
			};
			name = Release;
		};
		8ED9FA0E2471ED35005B3688 /* Debug */ = {
			isa = XCBuildConfiguration;
			buildSettings = {
				ASSETCATALOG_COMPILER_APPICON_NAME = AppIcon;
				CODE_SIGN_STYLE = Automatic;
				DEVELOPMENT_TEAM = 74NZPN64QH;
				INFOPLIST_FILE = EnglishApp/Info.plist;
				LD_RUNPATH_SEARCH_PATHS = (
					"$(inherited)",
					"@executable_path/Frameworks",
				);
				PRODUCT_BUNDLE_IDENTIFIER = com.dmitriitimofeevMagicBall.EnglishApp;
				PRODUCT_NAME = "$(TARGET_NAME)";
				SWIFT_VERSION = 5.0;
				TARGETED_DEVICE_FAMILY = "1,2";
			};
			name = Debug;
		};
		8ED9FA0F2471ED35005B3688 /* Release */ = {
			isa = XCBuildConfiguration;
			buildSettings = {
				ASSETCATALOG_COMPILER_APPICON_NAME = AppIcon;
				CODE_SIGN_STYLE = Automatic;
				DEVELOPMENT_TEAM = 74NZPN64QH;
				INFOPLIST_FILE = EnglishApp/Info.plist;
				LD_RUNPATH_SEARCH_PATHS = (
					"$(inherited)",
					"@executable_path/Frameworks",
				);
				PRODUCT_BUNDLE_IDENTIFIER = com.dmitriitimofeevMagicBall.EnglishApp;
				PRODUCT_NAME = "$(TARGET_NAME)";
				SWIFT_VERSION = 5.0;
				TARGETED_DEVICE_FAMILY = "1,2";
			};
			name = Release;
		};
/* End XCBuildConfiguration section */

/* Begin XCConfigurationList section */
		8ED9F9F42471ED32005B3688 /* Build configuration list for PBXProject "EnglishApp" */ = {
			isa = XCConfigurationList;
			buildConfigurations = (
				8ED9FA0B2471ED35005B3688 /* Debug */,
				8ED9FA0C2471ED35005B3688 /* Release */,
			);
			defaultConfigurationIsVisible = 0;
			defaultConfigurationName = Release;
		};
		8ED9FA0D2471ED35005B3688 /* Build configuration list for PBXNativeTarget "EnglishApp" */ = {
			isa = XCConfigurationList;
			buildConfigurations = (
				8ED9FA0E2471ED35005B3688 /* Debug */,
				8ED9FA0F2471ED35005B3688 /* Release */,
			);
			defaultConfigurationIsVisible = 0;
			defaultConfigurationName = Release;
		};
/* End XCConfigurationList section */
	};
	rootObject = 8ED9F9F12471ED32005B3688 /* Project object */;
}
